
Microsoft Visual Studio Solution File, Format Version 12.00
# Visual Studio Version 17
VisualStudioVersion = 17.7.34031.279
MinimumVisualStudioVersion = 10.0.40219.1
Project("{FAE04EC0-301F-11D3-BF4B-00C04F79EFBC}") = "CalculatorConsoleApp", "CalculatorConsoleApp\CalculatorConsoleApp.csproj", "{E6C18130-D3FA-4DB5-B2D0-968BA1ED3869}"
EndProject
Project("{FAE04EC0-301F-11D3-BF4B-00C04F79EFBC}") = "CalculatorWindowsFormsapp", "CalculatorWindowsFormsapp\CalculatorWindowsFormsapp.csproj", "{3C76E7CB-00A6-419D-B27D-CD3824814B3A}"
EndProject
Global
	GlobalSection(SolutionConfigurationPlatforms) = preSolution
		Debug|Any CPU = Debug|Any CPU
		Release|Any CPU = Release|Any CPU
	EndGlobalSection
	GlobalSection(ProjectConfigurationPlatforms) = postSolution
		{E6C18130-D3FA-4DB5-B2D0-968BA1ED3869}.Debug|Any CPU.ActiveCfg = Debug|Any CPU
		{E6C18130-D3FA-4DB5-B2D0-968BA1ED3869}.Debug|Any CPU.Build.0 = Debug|Any CPU
		{E6C18130-D3FA-4DB5-B2D0-968BA1ED3869}.Release|Any CPU.ActiveCfg = Release|Any CPU
		{E6C18130-D3FA-4DB5-B2D0-968BA1ED3869}.Release|Any CPU.Build.0 = Release|Any CPU
		{3C76E7CB-00A6-419D-B27D-CD3824814B3A}.Debug|Any CPU.ActiveCfg = Debug|Any CPU
		{3C76E7CB-00A6-419D-B27D-CD3824814B3A}.Debug|Any CPU.Build.0 = Debug|Any CPU
		{3C76E7CB-00A6-419D-B27D-CD3824814B3A}.Release|Any CPU.ActiveCfg = Release|Any CPU
		{3C76E7CB-00A6-419D-B27D-CD3824814B3A}.Release|Any CPU.Build.0 = Release|Any CPU
	EndGlobalSection
	GlobalSection(SolutionProperties) = preSolution
		HideSolutionNode = FALSE
	EndGlobalSection
	GlobalSection(ExtensibilityGlobals) = postSolution
		SolutionGuid = {5BFCA728-BBDD-419E-8146-1D431E4D2A83}
	EndGlobalSection
EndGlobal
